
Microsoft Visual Studio Solution File, Format Version 11.00
# Visual Studio 2010
Project("{FAE04EC0-301F-11D3-BF4B-00C04F79EFBC}") = "Ajsi-Tawer", "Assembly-CSharp.csproj", "{9DA8276B-53E5-6F5A-0D8B-51C9E1AD9109}"
EndProject
Project("{FAE04EC0-301F-11D3-BF4B-00C04F79EFBC}") = "Ajsi-Tawer", "Assembly-CSharp-Editor.csproj", "{AD87C01C-B7BA-4760-83B3-91166FDA7877}"
EndProject
Global
	GlobalSection(SolutionConfigurationPlatforms) = preSolution
		Debug|Any CPU = Debug|Any CPU
		Release|Any CPU = Release|Any CPU
	EndGlobalSection
	GlobalSection(ProjectConfigurationPlatforms) = postSolution
		{9DA8276B-53E5-6F5A-0D8B-51C9E1AD9109}.Debug|Any CPU.ActiveCfg = Debug|Any CPU
		{9DA8276B-53E5-6F5A-0D8B-51C9E1AD9109}.Debug|Any CPU.Build.0 = Debug|Any CPU
		{9DA8276B-53E5-6F5A-0D8B-51C9E1AD9109}.Release|Any CPU.ActiveCfg = Release|Any CPU
		{9DA8276B-53E5-6F5A-0D8B-51C9E1AD9109}.Release|Any CPU.Build.0 = Release|Any CPU
		{AD87C01C-B7BA-4760-83B3-91166FDA7877}.Debug|Any CPU.ActiveCfg = Debug|Any CPU
		{AD87C01C-B7BA-4760-83B3-91166FDA7877}.Debug|Any CPU.Build.0 = Debug|Any CPU
		{AD87C01C-B7BA-4760-83B3-91166FDA7877}.Release|Any CPU.ActiveCfg = Release|Any CPU
		{AD87C01C-B7BA-4760-83B3-91166FDA7877}.Release|Any CPU.Build.0 = Release|Any CPU
	EndGlobalSection
	GlobalSection(SolutionProperties) = preSolution
		HideSolutionNode = FALSE
	EndGlobalSection
	GlobalSection(MonoDevelopProperties) = preSolution
		StartupItem = Assembly-CSharp.csproj
	EndGlobalSection
EndGlobal
